
Microsoft Visual Studio Solution File, Format Version 12.00
# Visual Studio 14
VisualStudioVersion = 14.0.25420.1
MinimumVisualStudioVersion = 10.0.40219.1
Project("{FAE04EC0-301F-11D3-BF4B-00C04F79EFBC}") = "Paperboy.Android", "Paperboy\Paperboy.Android\Paperboy.Android.csproj", "{F3DC4E57-39C2-4626-B225-626B909EE100}"
EndProject
Project("{FAE04EC0-301F-11D3-BF4B-00C04F79EFBC}") = "Paperboy", "Paperboy\Paperboy\Paperboy.csproj", "{6B25A6CD-29E7-40E5-9382-DAD26A2DE0D0}"
EndProject
Project("{FAE04EC0-301F-11D3-BF4B-00C04F79EFBC}") = "Paperboy.iOS", "Paperboy\Paperboy.iOS\Paperboy.iOS.csproj", "{F36BD52F-867F-49E1-A5CA-880EBFFE944B}"
EndProject
Global
	GlobalSection(SolutionConfigurationPlatforms) = preSolution
		Ad-Hoc|Any CPU = Ad-Hoc|Any CPU
		Ad-Hoc|iPhone = Ad-Hoc|iPhone
		Ad-Hoc|iPhoneSimulator = Ad-Hoc|iPhoneSimulator
		AppStore|Any CPU = AppStore|Any CPU
		AppStore|iPhone = AppStore|iPhone
		AppStore|iPhoneSimulator = AppStore|iPhoneSimulator
		Debug|Any CPU = Debug|Any CPU
		Debug|iPhone = Debug|iPhone
		Debug|iPhoneSimulator = Debug|iPhoneSimulator
		Release|Any CPU = Release|Any CPU
		Release|iPhone = Release|iPhone
		Release|iPhoneSimulator = Release|iPhoneSimulator
	EndGlobalSection
	GlobalSection(ProjectConfigurationPlatforms) = postSolution
		{F3DC4E57-39C2-4626-B225-626B909EE100}.Ad-Hoc|Any CPU.ActiveCfg = Release|Any CPU
		{F3DC4E57-39C2-4626-B225-626B909EE100}.Ad-Hoc|Any CPU.Build.0 = Release|Any CPU
		{F3DC4E57-39C2-4626-B225-626B909EE100}.Ad-Hoc|Any CPU.Deploy.0 = Release|Any CPU
		{F3DC4E57-39C2-4626-B225-626B909EE100}.Ad-Hoc|iPhone.ActiveCfg = Release|Any CPU
		{F3DC4E57-39C2-4626-B225-626B909EE100}.Ad-Hoc|iPhone.Build.0 = Release|Any CPU
		{F3DC4E57-39C2-4626-B225-626B909EE100}.Ad-Hoc|iPhone.Deploy.0 = Release|Any CPU
		{F3DC4E57-39C2-4626-B225-626B909EE100}.Ad-Hoc|iPhoneSimulator.ActiveCfg = Release|Any CPU
		{F3DC4E57-39C2-4626-B225-626B909EE100}.Ad-Hoc|iPhoneSimulator.Build.0 = Release|Any CPU
		{F3DC4E57-39C2-4626-B225-626B909EE100}.Ad-Hoc|iPhoneSimulator.Deploy.0 = Release|Any CPU
		{F3DC4E57-39C2-4626-B225-626B909EE100}.AppStore|Any CPU.ActiveCfg = Release|Any CPU
		{F3DC4E57-39C2-4626-B225-626B909EE100}.AppStore|Any CPU.Build.0 = Release|Any CPU
		{F3DC4E57-39C2-4626-B225-626B909EE100}.AppStore|Any CPU.Deploy.0 = Release|Any CPU
		{F3DC4E57-39C2-4626-B225-626B909EE100}.AppStore|iPhone.ActiveCfg = Release|Any CPU
		{F3DC4E57-39C2-4626-B225-626B909EE100}.AppStore|iPhone.Build.0 = Release|Any CPU
		{F3DC4E57-39C2-4626-B225-626B909EE100}.AppStore|iPhone.Deploy.0 = Release|Any CPU
		{F3DC4E57-39C2-4626-B225-626B909EE100}.AppStore|iPhoneSimulator.ActiveCfg = Release|Any CPU
		{F3DC4E57-39C2-4626-B225-626B909EE100}.AppStore|iPhoneSimulator.Build.0 = Release|Any CPU
		{F3DC4E57-39C2-4626-B225-626B909EE100}.AppStore|iPhoneSimulator.Deploy.0 = Release|Any CPU
		{F3DC4E57-39C2-4626-B225-626B909EE100}.Debug|Any CPU.ActiveCfg = Debug|Any CPU
		{F3DC4E57-39C2-4626-B225-626B909EE100}.Debug|Any CPU.Build.0 = Debug|Any CPU
		{F3DC4E57-39C2-4626-B225-626B909EE100}.Debug|Any CPU.Deploy.0 = Debug|Any CPU
		{F3DC4E57-39C2-4626-B225-626B909EE100}.Debug|iPhone.ActiveCfg = Debug|Any CPU
		{F3DC4E57-39C2-4626-B225-626B909EE100}.Debug|iPhone.Build.0 = Debug|Any CPU
		{F3DC4E57-39C2-4626-B225-626B909EE100}.Debug|iPhone.Deploy.0 = Debug|Any CPU
		{F3DC4E57-39C2-4626-B225-626B909EE100}.Debug|iPhoneSimulator.ActiveCfg = Debug|Any CPU
		{F3DC4E57-39C2-4626-B225-626B909EE100}.Debug|iPhoneSimulator.Build.0 = Debug|Any CPU
		{F3DC4E57-39C2-4626-B225-626B909EE100}.Debug|iPhoneSimulator.Deploy.0 = Debug|Any CPU
		{F3DC4E57-39C2-4626-B225-626B909EE100}.Release|Any CPU.ActiveCfg = Release|Any CPU
		{F3DC4E57-39C2-4626-B225-626B909EE100}.Release|Any CPU.Build.0 = Release|Any CPU
		{F3DC4E57-39C2-4626-B225-626B909EE100}.Release|Any CPU.Deploy.0 = Release|Any CPU
		{F3DC4E57-39C2-4626-B225-626B909EE100}.Release|iPhone.ActiveCfg = Release|Any CPU
		{F3DC4E57-39C2-4626-B225-626B909EE100}.Release|iPhone.Build.0 = Release|Any CPU
		{F3DC4E57-39C2-4626-B225-626B909EE100}.Release|iPhone.Deploy.0 = Release|Any CPU
		{F3DC4E57-39C2-4626-B225-626B909EE100}.Release|iPhoneSimulator.ActiveCfg = Release|Any CPU
		{F3DC4E57-39C2-4626-B225-626B909EE100}.Release|iPhoneSimulator.Build.0 = Release|Any CPU
		{F3DC4E57-39C2-4626-B225-626B909EE100}.Release|iPhoneSimulator.Deploy.0 = Release|Any CPU
		{6B25A6CD-29E7-40E5-9382-DAD26A2DE0D0}.Ad-Hoc|Any CPU.ActiveCfg = Release|Any CPU
		{6B25A6CD-29E7-40E5-9382-DAD26A2DE0D0}.Ad-Hoc|Any CPU.Build.0 = Release|Any CPU
		{6B25A6CD-29E7-40E5-9382-DAD26A2DE0D0}.Ad-Hoc|iPhone.ActiveCfg = Release|Any CPU
		{6B25A6CD-29E7-40E5-9382-DAD26A2DE0D0}.Ad-Hoc|iPhone.Build.0 = Release|Any CPU
		{6B25A6CD-29E7-40E5-9382-DAD26A2DE0D0}.Ad-Hoc|iPhoneSimulator.ActiveCfg = Release|Any CPU
		{6B25A6CD-29E7-40E5-9382-DAD26A2DE0D0}.Ad-Hoc|iPhoneSimulator.Build.0 = Release|Any CPU
		{6B25A6CD-29E7-40E5-9382-DAD26A2DE0D0}.AppStore|Any CPU.ActiveCfg = Release|Any CPU
		{6B25A6CD-29E7-40E5-9382-DAD26A2DE0D0}.AppStore|Any CPU.Build.0 = Release|Any CPU
		{6B25A6CD-29E7-40E5-9382-DAD26A2DE0D0}.AppStore|iPhone.ActiveCfg = Release|Any CPU
		{6B25A6CD-29E7-40E5-9382-DAD26A2DE0D0}.AppStore|iPhone.Build.0 = Release|Any CPU
		{6B25A6CD-29E7-40E5-9382-DAD26A2DE0D0}.AppStore|iPhoneSimulator.ActiveCfg = Release|Any CPU
		{6B25A6CD-29E7-40E5-9382-DAD26A2DE0D0}.AppStore|iPhoneSimulator.Build.0 = Release|Any CPU
		{6B25A6CD-29E7-40E5-9382-DAD26A2DE0D0}.Debug|Any CPU.ActiveCfg = Debug|Any CPU
		{6B25A6CD-29E7-40E5-9382-DAD26A2DE0D0}.Debug|Any CPU.Build.0 = Debug|Any CPU
		{6B25A6CD-29E7-40E5-9382-DAD26A2DE0D0}.Debug|iPhone.ActiveCfg = Debug|Any CPU
		{6B25A6CD-29E7-40E5-9382-DAD26A2DE0D0}.Debug|iPhone.Build.0 = Debug|Any CPU
		{6B25A6CD-29E7-40E5-9382-DAD26A2DE0D0}.Debug|iPhoneSimulator.ActiveCfg = Debug|Any CPU
		{6B25A6CD-29E7-40E5-9382-DAD26A2DE0D0}.Debug|iPhoneSimulator.Build.0 = Debug|Any CPU
		{6B25A6CD-29E7-40E5-9382-DAD26A2DE0D0}.Release|Any CPU.ActiveCfg = Release|Any CPU
		{6B25A6CD-29E7-40E5-9382-DAD26A2DE0D0}.Release|Any CPU.Build.0 = Release|Any CPU
		{6B25A6CD-29E7-40E5-9382-DAD26A2DE0D0}.Release|iPhone.ActiveCfg = Release|Any CPU
		{6B25A6CD-29E7-40E5-9382-DAD26A2DE0D0}.Release|iPhone.Build.0 = Release|Any CPU
		{6B25A6CD-29E7-40E5-9382-DAD26A2DE0D0}.Release|iPhoneSimulator.ActiveCfg = Release|Any CPU
		{6B25A6CD-29E7-40E5-9382-DAD26A2DE0D0}.Release|iPhoneSimulator.Build.0 = Release|Any CPU
		{F36BD52F-867F-49E1-A5CA-880EBFFE944B}.Ad-Hoc|Any CPU.ActiveCfg = Ad-Hoc|iPhone
		{F36BD52F-867F-49E1-A5CA-880EBFFE944B}.Ad-Hoc|iPhone.ActiveCfg = Ad-Hoc|iPhone
		{F36BD52F-867F-49E1-A5CA-880EBFFE944B}.Ad-Hoc|iPhone.Build.0 = Ad-Hoc|iPhone
		{F36BD52F-867F-49E1-A5CA-880EBFFE944B}.Ad-Hoc|iPhoneSimulator.ActiveCfg = Ad-Hoc|iPhoneSimulator
		{F36BD52F-867F-49E1-A5CA-880EBFFE944B}.Ad-Hoc|iPhoneSimulator.Build.0 = Ad-Hoc|iPhoneSimulator
		{F36BD52F-867F-49E1-A5CA-880EBFFE944B}.AppStore|Any CPU.ActiveCfg = AppStore|iPhone
		{F36BD52F-867F-49E1-A5CA-880EBFFE944B}.AppStore|iPhone.ActiveCfg = AppStore|iPhone
		{F36BD52F-867F-49E1-A5CA-880EBFFE944B}.AppStore|iPhone.Build.0 = AppStore|iPhone
		{F36BD52F-867F-49E1-A5CA-880EBFFE944B}.AppStore|iPhoneSimulator.ActiveCfg = AppStore|iPhoneSimulator
		{F36BD52F-867F-49E1-A5CA-880EBFFE944B}.AppStore|iPhoneSimulator.Build.0 = AppStore|iPhoneSimulator
		{F36BD52F-867F-49E1-A5CA-880EBFFE944B}.Debug|Any CPU.ActiveCfg = Debug|iPhone
		{F36BD52F-867F-49E1-A5CA-880EBFFE944B}.Debug|iPhone.ActiveCfg = Debug|iPhone
		{F36BD52F-867F-49E1-A5CA-880EBFFE944B}.Debug|iPhone.Build.0 = Debug|iPhone
		{F36BD52F-867F-49E1-A5CA-880EBFFE944B}.Debug|iPhoneSimulator.ActiveCfg = Debug|iPhoneSimulator
		{F36BD52F-867F-49E1-A5CA-880EBFFE944B}.Debug|iPhoneSimulator.Build.0 = Debug|iPhoneSimulator
		{F36BD52F-867F-49E1-A5CA-880EBFFE944B}.Release|Any CPU.ActiveCfg = Release|iPhone
		{F36BD52F-867F-49E1-A5CA-880EBFFE944B}.Release|iPhone.ActiveCfg = Release|iPhone
		{F36BD52F-867F-49E1-A5CA-880EBFFE944B}.Release|iPhone.Build.0 = Release|iPhone
		{F36BD52F-867F-49E1-A5CA-880EBFFE944B}.Release|iPhoneSimulator.ActiveCfg = Release|iPhoneSimulator
		{F36BD52F-867F-49E1-A5CA-880EBFFE944B}.Release|iPhoneSimulator.Build.0 = Release|iPhoneSimulator
	EndGlobalSection
	GlobalSection(SolutionProperties) = preSolution
		HideSolutionNode = FALSE
	EndGlobalSection
EndGlobal
